// !$*UTF8*$!
{
	archiveVersion = 1;
	classes = {
	};
	objectVersion = 55;
	objects = {

/* Begin PBXBuildFile section */
		656B27D128515FDC00183912 /* AppDelegate.swift in Sources */ = {isa = PBXBuildFile; fileRef = 656B27D028515FDC00183912 /* AppDelegate.swift */; };
		656B27D328515FDC00183912 /* SceneDelegate.swift in Sources */ = {isa = PBXBuildFile; fileRef = 656B27D228515FDC00183912 /* SceneDelegate.swift */; };
		656B27D528515FDC00183912 /* ViewController.swift in Sources */ = {isa = PBXBuildFile; fileRef = 656B27D428515FDC00183912 /* ViewController.swift */; };
		656B27D828515FDC00183912 /* Main.storyboard in Resources */ = {isa = PBXBuildFile; fileRef = 656B27D628515FDC00183912 /* Main.storyboard */; };
		656B27DB28515FDC00183912 /* ConsultaCepAPI.xcdatamodeld in Sources */ = {isa = PBXBuildFile; fileRef = 656B27D928515FDC00183912 /* ConsultaCepAPI.xcdatamodeld */; };
		656B27DD28515FDE00183912 /* Assets.xcassets in Resources */ = {isa = PBXBuildFile; fileRef = 656B27DC28515FDE00183912 /* Assets.xcassets */; };
		656B27E028515FDE00183912 /* LaunchScreen.storyboard in Resources */ = {isa = PBXBuildFile; fileRef = 656B27DE28515FDE00183912 /* LaunchScreen.storyboard */; };
		656B27EB28515FDF00183912 /* ConsultaCepAPITests.swift in Sources */ = {isa = PBXBuildFile; fileRef = 656B27EA28515FDF00183912 /* ConsultaCepAPITests.swift */; };
		656B27F528515FDF00183912 /* ConsultaCepAPIUITests.swift in Sources */ = {isa = PBXBuildFile; fileRef = 656B27F428515FDF00183912 /* ConsultaCepAPIUITests.swift */; };
		656B27F728515FDF00183912 /* ConsultaCepAPIUITestsLaunchTests.swift in Sources */ = {isa = PBXBuildFile; fileRef = 656B27F628515FDF00183912 /* ConsultaCepAPIUITestsLaunchTests.swift */; };
		656B28042852223C00183912 /* ConsultaViaCepAPI.swift in Sources */ = {isa = PBXBuildFile; fileRef = 656B28032852223C00183912 /* ConsultaViaCepAPI.swift */; };
		656B280B2852ADDE00183912 /* Localizacao.swift in Sources */ = {isa = PBXBuildFile; fileRef = 656B280A2852ADDE00183912 /* Localizacao.swift */; };
/* End PBXBuildFile section */

/* Begin PBXContainerItemProxy section */
		656B27E728515FDF00183912 /* PBXContainerItemProxy */ = {
			isa = PBXContainerItemProxy;
			containerPortal = 656B27C528515FDC00183912 /* Project object */;
			proxyType = 1;
			remoteGlobalIDString = 656B27CC28515FDC00183912;
			remoteInfo = ConsultaCepAPI;
		};
		656B27F128515FDF00183912 /* PBXContainerItemProxy */ = {
			isa = PBXContainerItemProxy;
			containerPortal = 656B27C528515FDC00183912 /* Project object */;
			proxyType = 1;
			remoteGlobalIDString = 656B27CC28515FDC00183912;
			remoteInfo = ConsultaCepAPI;
		};
/* End PBXContainerItemProxy section */

/* Begin PBXFileReference section */
		656B27CD28515FDC00183912 /* ConsultaCepAPI.app */ = {isa = PBXFileReference; explicitFileType = wrapper.application; includeInIndex = 0; path = ConsultaCepAPI.app; sourceTree = BUILT_PRODUCTS_DIR; };
		656B27D028515FDC00183912 /* AppDelegate.swift */ = {isa = PBXFileReference; lastKnownFileType = sourcecode.swift; path = AppDelegate.swift; sourceTree = "<group>"; };
		656B27D228515FDC00183912 /* SceneDelegate.swift */ = {isa = PBXFileReference; lastKnownFileType = sourcecode.swift; path = SceneDelegate.swift; sourceTree = "<group>"; };
		656B27D428515FDC00183912 /* ViewController.swift */ = {isa = PBXFileReference; lastKnownFileType = sourcecode.swift; path = ViewController.swift; sourceTree = "<group>"; };
		656B27D728515FDC00183912 /* Base */ = {isa = PBXFileReference; lastKnownFileType = file.storyboard; name = Base; path = Base.lproj/Main.storyboard; sourceTree = "<group>"; };
		656B27DA28515FDC00183912 /* ConsultaCepAPI.xcdatamodel */ = {isa = PBXFileReference; lastKnownFileType = wrapper.xcdatamodel; path = ConsultaCepAPI.xcdatamodel; sourceTree = "<group>"; };
		656B27DC28515FDE00183912 /* Assets.xcassets */ = {isa = PBXFileReference; lastKnownFileType = folder.assetcatalog; path = Assets.xcassets; sourceTree = "<group>"; };
		656B27DF28515FDE00183912 /* Base */ = {isa = PBXFileReference; lastKnownFileType = file.storyboard; name = Base; path = Base.lproj/LaunchScreen.storyboard; sourceTree = "<group>"; };
		656B27E128515FDE00183912 /* Info.plist */ = {isa = PBXFileReference; lastKnownFileType = text.plist.xml; path = Info.plist; sourceTree = "<group>"; };
		656B27E628515FDF00183912 /* ConsultaCepAPITests.xctest */ = {isa = PBXFileReference; explicitFileType = wrapper.cfbundle; includeInIndex = 0; path = ConsultaCepAPITests.xctest; sourceTree = BUILT_PRODUCTS_DIR; };
		656B27EA28515FDF00183912 /* ConsultaCepAPITests.swift */ = {isa = PBXFileReference; lastKnownFileType = sourcecode.swift; path = ConsultaCepAPITests.swift; sourceTree = "<group>"; };
		656B27F028515FDF00183912 /* ConsultaCepAPIUITests.xctest */ = {isa = PBXFileReference; explicitFileType = wrapper.cfbundle; includeInIndex = 0; path = ConsultaCepAPIUITests.xctest; sourceTree = BUILT_PRODUCTS_DIR; };
		656B27F428515FDF00183912 /* ConsultaCepAPIUITests.swift */ = {isa = PBXFileReference; lastKnownFileType = sourcecode.swift; path = ConsultaCepAPIUITests.swift; sourceTree = "<group>"; };
		656B27F628515FDF00183912 /* ConsultaCepAPIUITestsLaunchTests.swift */ = {isa = PBXFileReference; lastKnownFileType = sourcecode.swift; path = ConsultaCepAPIUITestsLaunchTests.swift; sourceTree = "<group>"; };
		656B28032852223C00183912 /* ConsultaViaCepAPI.swift */ = {isa = PBXFileReference; lastKnownFileType = sourcecode.swift; path = ConsultaViaCepAPI.swift; sourceTree = "<group>"; };
		656B280A2852ADDE00183912 /* Localizacao.swift */ = {isa = PBXFileReference; lastKnownFileType = sourcecode.swift; path = Localizacao.swift; sourceTree = "<group>"; };
/* End PBXFileReference section */

/* Begin PBXFrameworksBuildPhase section */
		656B27CA28515FDC00183912 /* Frameworks */ = {
			isa = PBXFrameworksBuildPhase;
			buildActionMask = 2147483647;
			files = (
			);
			runOnlyForDeploymentPostprocessing = 0;
		};
		656B27E328515FDF00183912 /* Frameworks */ = {
			isa = PBXFrameworksBuildPhase;
			buildActionMask = 2147483647;
			files = (
			);
			runOnlyForDeploymentPostprocessing = 0;
		};
		656B27ED28515FDF00183912 /* Frameworks */ = {
			isa = PBXFrameworksBuildPhase;
			buildActionMask = 2147483647;
			files = (
			);
			runOnlyForDeploymentPostprocessing = 0;
		};
/* End PBXFrameworksBuildPhase section */

/* Begin PBXGroup section */
		656B27C428515FDC00183912 = {
			isa = PBXGroup;
			children = (
				656B27CF28515FDC00183912 /* ConsultaCepAPI */,
				656B27E928515FDF00183912 /* ConsultaCepAPITests */,
				656B27F328515FDF00183912 /* ConsultaCepAPIUITests */,
				656B27CE28515FDC00183912 /* Products */,
			);
			sourceTree = "<group>";
		};
		656B27CE28515FDC00183912 /* Products */ = {
			isa = PBXGroup;
			children = (
				656B27CD28515FDC00183912 /* ConsultaCepAPI.app */,
				656B27E628515FDF00183912 /* ConsultaCepAPITests.xctest */,
				656B27F028515FDF00183912 /* ConsultaCepAPIUITests.xctest */,
			);
			name = Products;
			sourceTree = "<group>";
		};
		656B27CF28515FDC00183912 /* ConsultaCepAPI */ = {
			isa = PBXGroup;
			children = (
				656B28072852224F00183912 /* Controller */,
				656B28062852224A00183912 /* View */,
				656B28052852224200183912 /* Model */,
				656B280C28535F3D00183912 /* AppDelegate */,
				656B27DC28515FDE00183912 /* Assets.xcassets */,
				656B27DE28515FDE00183912 /* LaunchScreen.storyboard */,
				656B27E128515FDE00183912 /* Info.plist */,
				656B27D928515FDC00183912 /* ConsultaCepAPI.xcdatamodeld */,
			);
			path = ConsultaCepAPI;
			sourceTree = "<group>";
		};
		656B27E928515FDF00183912 /* ConsultaCepAPITests */ = {
			isa = PBXGroup;
			children = (
				656B27EA28515FDF00183912 /* ConsultaCepAPITests.swift */,
			);
			path = ConsultaCepAPITests;
			sourceTree = "<group>";
		};
		656B27F328515FDF00183912 /* ConsultaCepAPIUITests */ = {
			isa = PBXGroup;
			children = (
				656B27F428515FDF00183912 /* ConsultaCepAPIUITests.swift */,
				656B27F628515FDF00183912 /* ConsultaCepAPIUITestsLaunchTests.swift */,
			);
			path = ConsultaCepAPIUITests;
			sourceTree = "<group>";
		};
		656B28052852224200183912 /* Model */ = {
			isa = PBXGroup;
			children = (
				656B28032852223C00183912 /* ConsultaViaCepAPI.swift */,
				656B280A2852ADDE00183912 /* Localizacao.swift */,
			);
			path = Model;
			sourceTree = "<group>";
		};
		656B28062852224A00183912 /* View */ = {
			isa = PBXGroup;
			children = (
				656B27D628515FDC00183912 /* Main.storyboard */,
			);
			path = View;
			sourceTree = "<group>";
		};
		656B28072852224F00183912 /* Controller */ = {
			isa = PBXGroup;
			children = (
				656B27D428515FDC00183912 /* ViewController.swift */,
			);
			path = Controller;
			sourceTree = "<group>";
		};
		656B280C28535F3D00183912 /* AppDelegate */ = {
			isa = PBXGroup;
			children = (
				656B27D028515FDC00183912 /* AppDelegate.swift */,
				656B27D228515FDC00183912 /* SceneDelegate.swift */,
			);
			path = AppDelegate;
			sourceTree = "<group>";
		};
/* End PBXGroup section */

/* Begin PBXNativeTarget section */
		656B27CC28515FDC00183912 /* ConsultaCepAPI */ = {
			isa = PBXNativeTarget;
			buildConfigurationList = 656B27FA28515FDF00183912 /* Build configuration list for PBXNativeTarget "ConsultaCepAPI" */;
			buildPhases = (
				656B27C928515FDC00183912 /* Sources */,
				656B27CA28515FDC00183912 /* Frameworks */,
				656B27CB28515FDC00183912 /* Resources */,
			);
			buildRules = (
			);
			dependencies = (
			);
			name = ConsultaCepAPI;
			productName = ConsultaCepAPI;
			productReference = 656B27CD28515FDC00183912 /* ConsultaCepAPI.app */;
			productType = "com.apple.product-type.application";
		};
		656B27E528515FDF00183912 /* ConsultaCepAPITests */ = {
			isa = PBXNativeTarget;
			buildConfigurationList = 656B27FD28515FDF00183912 /* Build configuration list for PBXNativeTarget "ConsultaCepAPITests" */;
			buildPhases = (
				656B27E228515FDF00183912 /* Sources */,
				656B27E328515FDF00183912 /* Frameworks */,
				656B27E428515FDF00183912 /* Resources */,
			);
			buildRules = (
			);
			dependencies = (
				656B27E828515FDF00183912 /* PBXTargetDependency */,
			);
			name = ConsultaCepAPITests;
			productName = ConsultaCepAPITests;
			productReference = 656B27E628515FDF00183912 /* ConsultaCepAPITests.xctest */;
			productType = "com.apple.product-type.bundle.unit-test";
		};
		656B27EF28515FDF00183912 /* ConsultaCepAPIUITests */ = {
			isa = PBXNativeTarget;
			buildConfigurationList = 656B280028515FDF00183912 /* Build configuration list for PBXNativeTarget "ConsultaCepAPIUITests" */;
			buildPhases = (
				656B27EC28515FDF00183912 /* Sources */,
				656B27ED28515FDF00183912 /* Frameworks */,
				656B27EE28515FDF00183912 /* Resources */,
			);
			buildRules = (
			);
			dependencies = (
				656B27F228515FDF00183912 /* PBXTargetDependency */,
			);
			name = ConsultaCepAPIUITests;
			productName = ConsultaCepAPIUITests;
			productReference = 656B27F028515FDF00183912 /* ConsultaCepAPIUITests.xctest */;
			productType = "com.apple.product-type.bundle.ui-testing";
		};
/* End PBXNativeTarget section */

/* Begin PBXProject section */
		656B27C528515FDC00183912 /* Project object */ = {
			isa = PBXProject;
			attributes = {
				BuildIndependentTargetsInParallel = 1;
				LastSwiftUpdateCheck = 1330;
				LastUpgradeCheck = 1330;
				TargetAttributes = {
					656B27CC28515FDC00183912 = {
						CreatedOnToolsVersion = 13.3;
					};
					656B27E528515FDF00183912 = {
						CreatedOnToolsVersion = 13.3;
						TestTargetID = 656B27CC28515FDC00183912;
					};
					656B27EF28515FDF00183912 = {
						CreatedOnToolsVersion = 13.3;
						TestTargetID = 656B27CC28515FDC00183912;
					};
				};
			};
			buildConfigurationList = 656B27C828515FDC00183912 /* Build configuration list for PBXProject "ConsultaCepAPI" */;
			compatibilityVersion = "Xcode 13.0";
			developmentRegion = en;
			hasScannedForEncodings = 0;
			knownRegions = (
				en,
				Base,
			);
			mainGroup = 656B27C428515FDC00183912;
			productRefGroup = 656B27CE28515FDC00183912 /* Products */;
			projectDirPath = "";
			projectRoot = "";
			targets = (
				656B27CC28515FDC00183912 /* ConsultaCepAPI */,
				656B27E528515FDF00183912 /* ConsultaCepAPITests */,
				656B27EF28515FDF00183912 /* ConsultaCepAPIUITests */,
			);
		};
/* End PBXProject section */

/* Begin PBXResourcesBuildPhase section */
		656B27CB28515FDC00183912 /* Resources */ = {
			isa = PBXResourcesBuildPhase;
			buildActionMask = 2147483647;
			files = (
				656B27E028515FDE00183912 /* LaunchScreen.storyboard in Resources */,
				656B27DD28515FDE00183912 /* Assets.xcassets in Resources */,
				656B27D828515FDC00183912 /* Main.storyboard in Resources */,
			);
			runOnlyForDeploymentPostprocessing = 0;
		};
		656B27E428515FDF00183912 /* Resources */ = {
			isa = PBXResourcesBuildPhase;
			buildActionMask = 2147483647;
			files = (
			);
			runOnlyForDeploymentPostprocessing = 0;
		};
		656B27EE28515FDF00183912 /* Resources */ = {
			isa = PBXResourcesBuildPhase;
			buildActionMask = 2147483647;
			files = (
			);
			runOnlyForDeploymentPostprocessing = 0;
		};
/* End PBXResourcesBuildPhase section */

/* Begin PBXSourcesBuildPhase section */
		656B27C928515FDC00183912 /* Sources */ = {
			isa = PBXSourcesBuildPhase;
			buildActionMask = 2147483647;
			files = (
				656B27D528515FDC00183912 /* ViewController.swift in Sources */,
				656B27D128515FDC00183912 /* AppDelegate.swift in Sources */,
				656B280B2852ADDE00183912 /* Localizacao.swift in Sources */,
				656B28042852223C00183912 /* ConsultaViaCepAPI.swift in Sources */,
				656B27DB28515FDC00183912 /* ConsultaCepAPI.xcdatamodeld in Sources */,
				656B27D328515FDC00183912 /* SceneDelegate.swift in Sources */,
			);
			runOnlyForDeploymentPostprocessing = 0;
		};
		656B27E228515FDF00183912 /* Sources */ = {
			isa = PBXSourcesBuildPhase;
			buildActionMask = 2147483647;
			files = (
				656B27EB28515FDF00183912 /* ConsultaCepAPITests.swift in Sources */,
			);
			runOnlyForDeploymentPostprocessing = 0;
		};
		656B27EC28515FDF00183912 /* Sources */ = {
			isa = PBXSourcesBuildPhase;
			buildActionMask = 2147483647;
			files = (
				656B27F528515FDF00183912 /* ConsultaCepAPIUITests.swift in Sources */,
				656B27F728515FDF00183912 /* ConsultaCepAPIUITestsLaunchTests.swift in Sources */,
			);
			runOnlyForDeploymentPostprocessing = 0;
		};
/* End PBXSourcesBuildPhase section */

/* Begin PBXTargetDependency section */
		656B27E828515FDF00183912 /* PBXTargetDependency */ = {
			isa = PBXTargetDependency;
			target = 656B27CC28515FDC00183912 /* ConsultaCepAPI */;
			targetProxy = 656B27E728515FDF00183912 /* PBXContainerItemProxy */;
		};
		656B27F228515FDF00183912 /* PBXTargetDependency */ = {
			isa = PBXTargetDependency;
			target = 656B27CC28515FDC00183912 /* ConsultaCepAPI */;
			targetProxy = 656B27F128515FDF00183912 /* PBXContainerItemProxy */;
		};
/* End PBXTargetDependency section */

/* Begin PBXVariantGroup section */
		656B27D628515FDC00183912 /* Main.storyboard */ = {
			isa = PBXVariantGroup;
			children = (
				656B27D728515FDC00183912 /* Base */,
			);
			name = Main.storyboard;
			sourceTree = "<group>";
		};
		656B27DE28515FDE00183912 /* LaunchScreen.storyboard */ = {
			isa = PBXVariantGroup;
			children = (
				656B27DF28515FDE00183912 /* Base */,
			);
			name = LaunchScreen.storyboard;
			sourceTree = "<group>";
		};
/* End PBXVariantGroup section */

/* Begin XCBuildConfiguration section */
		656B27F828515FDF00183912 /* Debug */ = {
			isa = XCBuildConfiguration;
			buildSettings = {
				ALWAYS_SEARCH_USER_PATHS = NO;
				CLANG_ANALYZER_NONNULL = YES;
				CLANG_ANALYZER_NUMBER_OBJECT_CONVERSION = YES_AGGRESSIVE;
				CLANG_CXX_LANGUAGE_STANDARD = "gnu++17";
				CLANG_ENABLE_MODULES = YES;
				CLANG_ENABLE_OBJC_ARC = YES;
				CLANG_ENABLE_OBJC_WEAK = YES;
				CLANG_WARN_BLOCK_CAPTURE_AUTORELEASING = YES;
				CLANG_WARN_BOOL_CONVERSION = YES;
				CLANG_WARN_COMMA = YES;
				CLANG_WARN_CONSTANT_CONVERSION = YES;
				CLANG_WARN_DEPRECATED_OBJC_IMPLEMENTATIONS = YES;
				CLANG_WARN_DIRECT_OBJC_ISA_USAGE = YES_ERROR;
				CLANG_WARN_DOCUMENTATION_COMMENTS = YES;
				CLANG_WARN_EMPTY_BODY = YES;
				CLANG_WARN_ENUM_CONVERSION = YES;
				CLANG_WARN_INFINITE_RECURSION = YES;
				CLANG_WARN_INT_CONVERSION = YES;
				CLANG_WARN_NON_LITERAL_NULL_CONVERSION = YES;
				CLANG_WARN_OBJC_IMPLICIT_RETAIN_SELF = YES;
				CLANG_WARN_OBJC_LITERAL_CONVERSION = YES;
				CLANG_WARN_OBJC_ROOT_CLASS = YES_ERROR;
				CLANG_WARN_QUOTED_INCLUDE_IN_FRAMEWORK_HEADER = YES;
				CLANG_WARN_RANGE_LOOP_ANALYSIS = YES;
				CLANG_WARN_STRICT_PROTOTYPES = YES;
				CLANG_WARN_SUSPICIOUS_MOVE = YES;
				CLANG_WARN_UNGUARDED_AVAILABILITY = YES_AGGRESSIVE;
				CLANG_WARN_UNREACHABLE_CODE = YES;
				CLANG_WARN__DUPLICATE_METHOD_MATCH = YES;
				COPY_PHASE_STRIP = NO;
				DEBUG_INFORMATION_FORMAT = dwarf;
				ENABLE_STRICT_OBJC_MSGSEND = YES;
				ENABLE_TESTABILITY = YES;
				GCC_C_LANGUAGE_STANDARD = gnu11;
				GCC_DYNAMIC_NO_PIC = NO;
				GCC_NO_COMMON_BLOCKS = YES;
				GCC_OPTIMIZATION_LEVEL = 0;
				GCC_PREPROCESSOR_DEFINITIONS = (
					"DEBUG=1",
					"$(inherited)",
				);
				GCC_WARN_64_TO_32_BIT_CONVERSION = YES;
				GCC_WARN_ABOUT_RETURN_TYPE = YES_ERROR;
				GCC_WARN_UNDECLARED_SELECTOR = YES;
				GCC_WARN_UNINITIALIZED_AUTOS = YES_AGGRESSIVE;
				GCC_WARN_UNUSED_FUNCTION = YES;
				GCC_WARN_UNUSED_VARIABLE = YES;
				IPHONEOS_DEPLOYMENT_TARGET = 15.4;
				MTL_ENABLE_DEBUG_INFO = INCLUDE_SOURCE;
				MTL_FAST_MATH = YES;
				ONLY_ACTIVE_ARCH = YES;
				SDKROOT = iphoneos;
				SWIFT_ACTIVE_COMPILATION_CONDITIONS = DEBUG;
				SWIFT_OPTIMIZATION_LEVEL = "-Onone";
			};
			name = Debug;
		};
		656B27F928515FDF00183912 /* Release */ = {
			isa = XCBuildConfiguration;
			buildSettings = {
				ALWAYS_SEARCH_USER_PATHS = NO;
				CLANG_ANALYZER_NONNULL = YES;
				CLANG_ANALYZER_NUMBER_OBJECT_CONVERSION = YES_AGGRESSIVE;
				CLANG_CXX_LANGUAGE_STANDARD = "gnu++17";
				CLANG_ENABLE_MODULES = YES;
				CLANG_ENABLE_OBJC_ARC = YES;
				CLANG_ENABLE_OBJC_WEAK = YES;
				CLANG_WARN_BLOCK_CAPTURE_AUTORELEASING = YES;
				CLANG_WARN_BOOL_CONVERSION = YES;
				CLANG_WARN_COMMA = YES;
				CLANG_WARN_CONSTANT_CONVERSION = YES;
				CLANG_WARN_DEPRECATED_OBJC_IMPLEMENTATIONS = YES;
				CLANG_WARN_DIRECT_OBJC_ISA_USAGE = YES_ERROR;
				CLANG_WARN_DOCUMENTATION_COMMENTS = YES;
				CLANG_WARN_EMPTY_BODY = YES;
				CLANG_WARN_ENUM_CONVERSION = YES;
				CLANG_WARN_INFINITE_RECURSION = YES;
				CLANG_WARN_INT_CONVERSION = YES;
				CLANG_WARN_NON_LITERAL_NULL_CONVERSION = YES;
				CLANG_WARN_OBJC_IMPLICIT_RETAIN_SELF = YES;
				CLANG_WARN_OBJC_LITERAL_CONVERSION = YES;
				CLANG_WARN_OBJC_ROOT_CLASS = YES_ERROR;
				CLANG_WARN_QUOTED_INCLUDE_IN_FRAMEWORK_HEADER = YES;
				CLANG_WARN_RANGE_LOOP_ANALYSIS = YES;
				CLANG_WARN_STRICT_PROTOTYPES = YES;
				CLANG_WARN_SUSPICIOUS_MOVE = YES;
				CLANG_WARN_UNGUARDED_AVAILABILITY = YES_AGGRESSIVE;
				CLANG_WARN_UNREACHABLE_CODE = YES;
				CLANG_WARN__DUPLICATE_METHOD_MATCH = YES;
				COPY_PHASE_STRIP = NO;
				DEBUG_INFORMATION_FORMAT = "dwarf-with-dsym";
				ENABLE_NS_ASSERTIONS = NO;
				ENABLE_STRICT_OBJC_MSGSEND = YES;
				GCC_C_LANGUAGE_STANDARD = gnu11;
				GCC_NO_COMMON_BLOCKS = YES;
				GCC_WARN_64_TO_32_BIT_CONVERSION = YES;
				GCC_WARN_ABOUT_RETURN_TYPE = YES_ERROR;
				GCC_WARN_UNDECLARED_SELECTOR = YES;
				GCC_WARN_UNINITIALIZED_AUTOS = YES_AGGRESSIVE;
				GCC_WARN_UNUSED_FUNCTION = YES;
				GCC_WARN_UNUSED_VARIABLE = YES;
				IPHONEOS_DEPLOYMENT_TARGET = 15.4;
				MTL_ENABLE_DEBUG_INFO = NO;
				MTL_FAST_MATH = YES;
				SDKROOT = iphoneos;
				SWIFT_COMPILATION_MODE = wholemodule;
				SWIFT_OPTIMIZATION_LEVEL = "-O";
				VALIDATE_PRODUCT = YES;
			};
			name = Release;
		};
		656B27FB28515FDF00183912 /* Debug */ = {
			isa = XCBuildConfiguration;
			buildSettings = {
				ASSETCATALOG_COMPILER_APPICON_NAME = AppIcon;
				ASSETCATALOG_COMPILER_GLOBAL_ACCENT_COLOR_NAME = AccentColor;
				CODE_SIGN_STYLE = Automatic;
				CURRENT_PROJECT_VERSION = 1;
				DEVELOPMENT_TEAM = NTRW2Q55W3;
				GENERATE_INFOPLIST_FILE = YES;
				INFOPLIST_FILE = ConsultaCepAPI/Info.plist;
				INFOPLIST_KEY_UIApplicationSupportsIndirectInputEvents = YES;
				INFOPLIST_KEY_UILaunchStoryboardName = LaunchScreen;
				INFOPLIST_KEY_UIMainStoryboardFile = Main;
				INFOPLIST_KEY_UISupportedInterfaceOrientations_iPad = "UIInterfaceOrientationPortrait UIInterfaceOrientationPortraitUpsideDown UIInterfaceOrientationLandscapeLeft UIInterfaceOrientationLandscapeRight";
				INFOPLIST_KEY_UISupportedInterfaceOrientations_iPhone = "UIInterfaceOrientationPortrait UIInterfaceOrientationLandscapeLeft UIInterfaceOrientationLandscapeRight";
				LD_RUNPATH_SEARCH_PATHS = (
					"$(inherited)",
					"@executable_path/Frameworks",
				);
				MARKETING_VERSION = 1.0;
				PRODUCT_BUNDLE_IDENTIFIER = com.gabrieldcc.ConsultaCepAPI;
				PRODUCT_NAME = "$(TARGET_NAME)";
				SWIFT_EMIT_LOC_STRINGS = YES;
				SWIFT_VERSION = 5.0;
				TARGETED_DEVICE_FAMILY = "1,2";
			};
			name = Debug;
		};
		656B27FC28515FDF00183912 /* Release */ = {
			isa = XCBuildConfiguration;
			buildSettings = {
				ASSETCATALOG_COMPILER_APPICON_NAME = AppIcon;
				ASSETCATALOG_COMPILER_GLOBAL_ACCENT_COLOR_NAME = AccentColor;
				CODE_SIGN_STYLE = Automatic;
				CURRENT_PROJECT_VERSION = 1;
				DEVELOPMENT_TEAM = NTRW2Q55W3;
				GENERATE_INFOPLIST_FILE = YES;
				INFOPLIST_FILE = ConsultaCepAPI/Info.plist;
				INFOPLIST_KEY_UIApplicationSupportsIndirectInputEvents = YES;
				INFOPLIST_KEY_UILaunchStoryboardName = LaunchScreen;
				INFOPLIST_KEY_UIMainStoryboardFile = Main;
				INFOPLIST_KEY_UISupportedInterfaceOrientations_iPad = "UIInterfaceOrientationPortrait UIInterfaceOrientationPortraitUpsideDown UIInterfaceOrientationLandscapeLeft UIInterfaceOrientationLandscapeRight";
				INFOPLIST_KEY_UISupportedInterfaceOrientations_iPhone = "UIInterfaceOrientationPortrait UIInterfaceOrientationLandscapeLeft UIInterfaceOrientationLandscapeRight";
				LD_RUNPATH_SEARCH_PATHS = (
					"$(inherited)",
					"@executable_path/Frameworks",
				);
				MARKETING_VERSION = 1.0;
				PRODUCT_BUNDLE_IDENTIFIER = com.gabrieldcc.ConsultaCepAPI;
				PRODUCT_NAME = "$(TARGET_NAME)";
				SWIFT_EMIT_LOC_STRINGS = YES;
				SWIFT_VERSION = 5.0;
				TARGETED_DEVICE_FAMILY = "1,2";
			};
			name = Release;
		};
		656B27FE28515FDF00183912 /* Debug */ = {
			isa = XCBuildConfiguration;
			buildSettings = {
				ALWAYS_EMBED_SWIFT_STANDARD_LIBRARIES = YES;
				BUNDLE_LOADER = "$(TEST_HOST)";
				CODE_SIGN_STYLE = Automatic;
				CURRENT_PROJECT_VERSION = 1;
				DEVELOPMENT_TEAM = NTRW2Q55W3;
				GENERATE_INFOPLIST_FILE = YES;
				IPHONEOS_DEPLOYMENT_TARGET = 15.4;
				MARKETING_VERSION = 1.0;
				PRODUCT_BUNDLE_IDENTIFIER = com.gabrieldcc.ConsultaCepAPITests;
				PRODUCT_NAME = "$(TARGET_NAME)";
				SWIFT_EMIT_LOC_STRINGS = NO;
				SWIFT_VERSION = 5.0;
				TARGETED_DEVICE_FAMILY = "1,2";
				TEST_HOST = "$(BUILT_PRODUCTS_DIR)/ConsultaCepAPI.app/ConsultaCepAPI";
			};
			name = Debug;
		};
		656B27FF28515FDF00183912 /* Release */ = {
			isa = XCBuildConfiguration;
			buildSettings = {
				ALWAYS_EMBED_SWIFT_STANDARD_LIBRARIES = YES;
				BUNDLE_LOADER = "$(TEST_HOST)";
				CODE_SIGN_STYLE = Automatic;
				CURRENT_PROJECT_VERSION = 1;
				DEVELOPMENT_TEAM = NTRW2Q55W3;
				GENERATE_INFOPLIST_FILE = YES;
				IPHONEOS_DEPLOYMENT_TARGET = 15.4;
				MARKETING_VERSION = 1.0;
				PRODUCT_BUNDLE_IDENTIFIER = com.gabrieldcc.ConsultaCepAPITests;
				PRODUCT_NAME = "$(TARGET_NAME)";
				SWIFT_EMIT_LOC_STRINGS = NO;
				SWIFT_VERSION = 5.0;
				TARGETED_DEVICE_FAMILY = "1,2";
				TEST_HOST = "$(BUILT_PRODUCTS_DIR)/ConsultaCepAPI.app/ConsultaCepAPI";
			};
			name = Release;
		};
		656B280128515FDF00183912 /* Debug */ = {
			isa = XCBuildConfiguration;
			buildSettings = {
				ALWAYS_EMBED_SWIFT_STANDARD_LIBRARIES = YES;
				CODE_SIGN_STYLE = Automatic;
				CURRENT_PROJECT_VERSION = 1;
				DEVELOPMENT_TEAM = NTRW2Q55W3;
				GENERATE_INFOPLIST_FILE = YES;
				MARKETING_VERSION = 1.0;
				PRODUCT_BUNDLE_IDENTIFIER = com.gabrieldcc.ConsultaCepAPIUITests;
				PRODUCT_NAME = "$(TARGET_NAME)";
				SWIFT_EMIT_LOC_STRINGS = NO;
				SWIFT_VERSION = 5.0;
				TARGETED_DEVICE_FAMILY = "1,2";
				TEST_TARGET_NAME = ConsultaCepAPI;
			};
			name = Debug;
		};
		656B280228515FDF00183912 /* Release */ = {
			isa = XCBuildConfiguration;
			buildSettings = {
				ALWAYS_EMBED_SWIFT_STANDARD_LIBRARIES = YES;
				CODE_SIGN_STYLE = Automatic;
				CURRENT_PROJECT_VERSION = 1;
				DEVELOPMENT_TEAM = NTRW2Q55W3;
				GENERATE_INFOPLIST_FILE = YES;
				MARKETING_VERSION = 1.0;
				PRODUCT_BUNDLE_IDENTIFIER = com.gabrieldcc.ConsultaCepAPIUITests;
				PRODUCT_NAME = "$(TARGET_NAME)";
				SWIFT_EMIT_LOC_STRINGS = NO;
				SWIFT_VERSION = 5.0;
				TARGETED_DEVICE_FAMILY = "1,2";
				TEST_TARGET_NAME = ConsultaCepAPI;
			};
			name = Release;
		};
/* End XCBuildConfiguration section */

/* Begin XCConfigurationList section */
		656B27C828515FDC00183912 /* Build configuration list for PBXProject "ConsultaCepAPI" */ = {
			isa = XCConfigurationList;
			buildConfigurations = (
				656B27F828515FDF00183912 /* Debug */,
				656B27F928515FDF00183912 /* Release */,
			);
			defaultConfigurationIsVisible = 0;
			defaultConfigurationName = Release;
		};
		656B27FA28515FDF00183912 /* Build configuration list for PBXNativeTarget "ConsultaCepAPI" */ = {
			isa = XCConfigurationList;
			buildConfigurations = (
				656B27FB28515FDF00183912 /* Debug */,
				656B27FC28515FDF00183912 /* Release */,
			);
			defaultConfigurationIsVisible = 0;
			defaultConfigurationName = Release;
		};
		656B27FD28515FDF00183912 /* Build configuration list for PBXNativeTarget "ConsultaCepAPITests" */ = {
			isa = XCConfigurationList;
			buildConfigurations = (
				656B27FE28515FDF00183912 /* Debug */,
				656B27FF28515FDF00183912 /* Release */,
			);
			defaultConfigurationIsVisible = 0;
			defaultConfigurationName = Release;
		};
		656B280028515FDF00183912 /* Build configuration list for PBXNativeTarget "ConsultaCepAPIUITests" */ = {
			isa = XCConfigurationList;
			buildConfigurations = (
				656B280128515FDF00183912 /* Debug */,
				656B280228515FDF00183912 /* Release */,
			);
			defaultConfigurationIsVisible = 0;
			defaultConfigurationName = Release;
		};
/* End XCConfigurationList section */

/* Begin XCVersionGroup section */
		656B27D928515FDC00183912 /* ConsultaCepAPI.xcdatamodeld */ = {
			isa = XCVersionGroup;
			children = (
				656B27DA28515FDC00183912 /* ConsultaCepAPI.xcdatamodel */,
			);
			currentVersion = 656B27DA28515FDC00183912 /* ConsultaCepAPI.xcdatamodel */;
			path = ConsultaCepAPI.xcdatamodeld;
			sourceTree = "<group>";
			versionGroupType = wrapper.xcdatamodel;
		};
/* End XCVersionGroup section */
	};
	rootObject = 656B27C528515FDC00183912 /* Project object */;
}
